
Microsoft Visual Studio Solution File, Format Version 12.00
# Visual Studio 2012
Project("{FAE04EC0-301F-11D3-BF4B-00C04F79EFBC}") = "Mapkool", "Mapkool\Mapkool.csproj", "{0D60D3B0-62DD-44F3-B935-4D63E9BEA8A2}"
EndProject
Global
	GlobalSection(SolutionConfigurationPlatforms) = preSolution
		Debug|iPhoneSimulator = Debug|iPhoneSimulator
		Release|iPhone = Release|iPhone
		Release|iPhoneSimulator = Release|iPhoneSimulator
		Debug|iPhone = Debug|iPhone
	EndGlobalSection
	GlobalSection(ProjectConfigurationPlatforms) = postSolution
		{0D60D3B0-62DD-44F3-B935-4D63E9BEA8A2}.Debug|iPhoneSimulator.ActiveCfg = Debug|iPhoneSimulator
		{0D60D3B0-62DD-44F3-B935-4D63E9BEA8A2}.Debug|iPhoneSimulator.Build.0 = Debug|iPhoneSimulator
		{0D60D3B0-62DD-44F3-B935-4D63E9BEA8A2}.Release|iPhone.ActiveCfg = Release|iPhone
		{0D60D3B0-62DD-44F3-B935-4D63E9BEA8A2}.Release|iPhone.Build.0 = Release|iPhone
		{0D60D3B0-62DD-44F3-B935-4D63E9BEA8A2}.Release|iPhoneSimulator.ActiveCfg = Release|iPhoneSimulator
		{0D60D3B0-62DD-44F3-B935-4D63E9BEA8A2}.Release|iPhoneSimulator.Build.0 = Release|iPhoneSimulator
		{0D60D3B0-62DD-44F3-B935-4D63E9BEA8A2}.Debug|iPhone.ActiveCfg = Debug|iPhone
		{0D60D3B0-62DD-44F3-B935-4D63E9BEA8A2}.Debug|iPhone.Build.0 = Debug|iPhone
	EndGlobalSection
EndGlobal
